
Microsoft Visual Studio Solution File, Format Version 12.00
# Visual Studio Version 16
VisualStudioVersion = 16.0.30204.135
MinimumVisualStudioVersion = 10.0.40219.1
Project("{FAE04EC0-301F-11D3-BF4B-00C04F79EFBC}") = "Aplikasi_PenjualanEF", "Aplikasi_PenjualanEF\Aplikasi_PenjualanEF.csproj", "{B3C094B8-DF98-4762-9061-BB5E2E868038}"
EndProject
Global
	GlobalSection(SolutionConfigurationPlatforms) = preSolution
		Debug|Any CPU = Debug|Any CPU
		Release|Any CPU = Release|Any CPU
	EndGlobalSection
	GlobalSection(ProjectConfigurationPlatforms) = postSolution
		{B3C094B8-DF98-4762-9061-BB5E2E868038}.Debug|Any CPU.ActiveCfg = Debug|Any CPU
		{B3C094B8-DF98-4762-9061-BB5E2E868038}.Debug|Any CPU.Build.0 = Debug|Any CPU
		{B3C094B8-DF98-4762-9061-BB5E2E868038}.Release|Any CPU.ActiveCfg = Release|Any CPU
		{B3C094B8-DF98-4762-9061-BB5E2E868038}.Release|Any CPU.Build.0 = Release|Any CPU
	EndGlobalSection
	GlobalSection(SolutionProperties) = preSolution
		HideSolutionNode = FALSE
	EndGlobalSection
	GlobalSection(ExtensibilityGlobals) = postSolution
		SolutionGuid = {1A07DA45-FEC2-4BC2-8EB6-198361E51CA0}
	EndGlobalSection
EndGlobal
